
Microsoft Visual Studio Solution File, Format Version 12.00
# Visual Studio Version 17
VisualStudioVersion = 17.1.32328.378
MinimumVisualStudioVersion = 10.0.40219.1
Project("{FAE04EC0-301F-11D3-BF4B-00C04F79EFBC}") = "TestPostgreSqlEnum", "TestPostgreSqlEnum\TestPostgreSqlEnum.csproj", "{A742EDF7-127F-4586-BBD5-4BEFB71F4A44}"
EndProject
Global
	GlobalSection(SolutionConfigurationPlatforms) = preSolution
		Debug|Any CPU = Debug|Any CPU
		Release|Any CPU = Release|Any CPU
	EndGlobalSection
	GlobalSection(ProjectConfigurationPlatforms) = postSolution
		{A742EDF7-127F-4586-BBD5-4BEFB71F4A44}.Debug|Any CPU.ActiveCfg = Debug|Any CPU
		{A742EDF7-127F-4586-BBD5-4BEFB71F4A44}.Debug|Any CPU.Build.0 = Debug|Any CPU
		{A742EDF7-127F-4586-BBD5-4BEFB71F4A44}.Release|Any CPU.ActiveCfg = Release|Any CPU
		{A742EDF7-127F-4586-BBD5-4BEFB71F4A44}.Release|Any CPU.Build.0 = Release|Any CPU
	EndGlobalSection
	GlobalSection(SolutionProperties) = preSolution
		HideSolutionNode = FALSE
	EndGlobalSection
	GlobalSection(ExtensibilityGlobals) = postSolution
		SolutionGuid = {8049998D-C9BD-4478-A91C-31A4E65B57AC}
	EndGlobalSection
EndGlobal
